# This file is autogenerated, do not edit; changes may be undone by the next 'dep ensure'.


[[projects]]
  name = "github.com/envoyproxy/go-control-plane"
  packages = [
    "envoy/api/v2",
    "envoy/api/v2/auth",
    "envoy/api/v2/cluster",
    "envoy/api/v2/core",
    "envoy/api/v2/endpoint",
    "envoy/api/v2/listener",
    "envoy/api/v2/route",
    "envoy/config/filter/accesslog/v2",
    "envoy/config/filter/network/http_connection_manager/v2",
    "envoy/service/discovery/v2",
    "envoy/type",
    "pkg/cache",
    "pkg/log",
    "pkg/server",
    "pkg/util"
  ]
  revision = "51b27c23cab9d18a020bf06acb0ddd00d23a2d77"
  version = "v0.6.1"

[[projects]]
  name = "github.com/gogo/googleapis"
  packages = [
    "google/api",
    "google/rpc"
  ]
  revision = "8558fb44d2f1fc223118afc694129d2c2d2924d1"
  version = "v1.1.0"

[[projects]]
  name = "github.com/gogo/protobuf"
  packages = [
    "gogoproto",
    "jsonpb",
    "proto",
    "protoc-gen-gogo/descriptor",
    "sortkeys",
    "types"
  ]
  revision = "636bf0302bc95575d69441b25a2603156ffdddf1"
  version = "v1.1.1"

[[projects]]
  name = "github.com/golang/protobuf"
  packages = [
    "proto",
    "protoc-gen-go/descriptor",
    "ptypes",
    "ptypes/any",
    "ptypes/duration",
    "ptypes/timestamp"
  ]
  revision = "aa810b61a9c79d51363740d207bb46cf8e620ed5"
  version = "v1.2.0"

[[projects]]
  name = "github.com/kelseyhightower/envconfig"
  packages = ["."]
  revision = "f611eb38b3875cc3bd991ca91c51d06446afa14c"
  version = "v1.3.0"

[[projects]]
  name = "github.com/lyft/protoc-gen-validate"
  packages = ["validate"]
  revision = "e143189bf6f37b3957fb31743df6a1bcf4a8c685"
  version = "v0.0.10"

[[projects]]
  name = "go.uber.org/atomic"
  packages = ["."]
  revision = "1ea20fb1cbb1cc08cbd0d913a96dead89aa18289"
  version = "v1.3.2"

[[projects]]
  name = "go.uber.org/multierr"
  packages = ["."]
  revision = "3c4937480c32f4c13a875a1829af76c98ca3d40a"
  version = "v1.1.0"

[[projects]]
  name = "go.uber.org/zap"
  packages = [
    ".",
    "buffer",
    "internal/bufferpool",
    "internal/color",
    "internal/exit",
    "zapcore"
  ]
  revision = "ff33455a0e382e8a81d14dd7c922020b6b5e7982"
  version = "v1.9.1"

[[projects]]
  branch = "master"
  name = "golang.org/x/net"
  packages = [
    "context",
    "http/httpguts",
    "http2",
    "http2/hpack",
    "idna",
    "internal/timeseries",
    "trace"
  ]
  revision = "e11730110bbd884bbf19550bfafe9d69519ce29e"

[[projects]]
  branch = "master"
  name = "golang.org/x/sys"
  packages = ["unix"]
  revision = "9b800f95dbbc54abff0acf7ee32d88ba4e328c89"

[[projects]]
  name = "golang.org/x/text"
  packages = [
    "collate",
    "collate/build",
    "internal/colltab",
    "internal/gen",
    "internal/tag",
    "internal/triegen",
    "internal/ucd",
    "language",
    "secure/bidirule",
    "transform",
    "unicode/bidi",
    "unicode/cldr",
    "unicode/norm",
    "unicode/rangetable"
  ]
  revision = "f21a4dfb5e38f5895301dc265a8def02365cc3d0"
  version = "v0.3.0"

[[projects]]
  branch = "master"
  name = "google.golang.org/genproto"
  packages = ["googleapis/rpc/status"]
  revision = "c830210a61dfaa790e1920f8d0470fc27bc2efbe"

[[projects]]
  name = "google.golang.org/grpc"
  packages = [
    ".",
    "balancer",
    "balancer/base",
    "balancer/roundrobin",
    "codes",
    "connectivity",
    "credentials",
    "encoding",
    "encoding/proto",
    "grpclog",
    "internal",
    "internal/backoff",
    "internal/channelz",
    "internal/envconfig",
    "internal/grpcrand",
    "internal/transport",
    "keepalive",
    "metadata",
    "naming",
    "peer",
    "reflection",
    "reflection/grpc_reflection_v1alpha",
    "resolver",
    "resolver/dns",
    "resolver/passthrough",
    "stats",
    "status",
    "tap"
  ]
  revision = "2e463a05d100327ca47ac218281906921038fd95"
  version = "v1.16.0"

[solve-meta]
  analyzer-name = "dep"
  analyzer-version = 1
  inputs-digest = "83b4d110f0a1c7af17244045d562002d09c379d04277947d4591bba91e93e719"
  solver-name = "gps-cdcl"
  solver-version = 1
